
Microsoft Visual Studio Solution File, Format Version 12.00
# Visual Studio Version 17
VisualStudioVersion = 17.0.31903.59
MinimumVisualStudioVersion = 10.0.40219.1
Project("{FAE04EC0-301F-11D3-BF4B-00C04F79EFBC}") = "ToDo.Application", "ToDo.Application\ToDo.Application.csproj", "{E2B599F5-0F5F-49B8-9D67-89050BF3D21F}"
EndProject
Project("{FAE04EC0-301F-11D3-BF4B-00C04F79EFBC}") = "ToDo.Domain", "ToDo.Domain\ToDo.Domain.csproj", "{65D4ED10-BF60-4352-A56D-0B1092DE8D8D}"
EndProject
Project("{FAE04EC0-301F-11D3-BF4B-00C04F79EFBC}") = "ToDo.Persistence", "ToDo.Persistence\ToDo.Persistence.csproj", "{B4712B50-761B-4133-8F5A-786D764811CD}"
EndProject
Project("{FAE04EC0-301F-11D3-BF4B-00C04F79EFBC}") = "ToDo.Infrastructure", "ToDo.Infrastructure\ToDo.Infrastructure.csproj", "{F830C07E-42B4-49F0-8F43-F2E00EC3DABB}"
EndProject
Project("{FAE04EC0-301F-11D3-BF4B-00C04F79EFBC}") = "ToDo.API", "ToDo.API\ToDo.API.csproj", "{B64CB283-A9A0-4620-B33F-6A9962DB412C}"
EndProject
Global
	GlobalSection(SolutionConfigurationPlatforms) = preSolution
		Debug|Any CPU = Debug|Any CPU
		Debug|x64 = Debug|x64
		Debug|x86 = Debug|x86
		Release|Any CPU = Release|Any CPU
		Release|x64 = Release|x64
		Release|x86 = Release|x86
	EndGlobalSection
	GlobalSection(ProjectConfigurationPlatforms) = postSolution
		{E2B599F5-0F5F-49B8-9D67-89050BF3D21F}.Debug|Any CPU.ActiveCfg = Debug|Any CPU
		{E2B599F5-0F5F-49B8-9D67-89050BF3D21F}.Debug|Any CPU.Build.0 = Debug|Any CPU
		{E2B599F5-0F5F-49B8-9D67-89050BF3D21F}.Debug|x64.ActiveCfg = Debug|Any CPU
		{E2B599F5-0F5F-49B8-9D67-89050BF3D21F}.Debug|x64.Build.0 = Debug|Any CPU
		{E2B599F5-0F5F-49B8-9D67-89050BF3D21F}.Debug|x86.ActiveCfg = Debug|Any CPU
		{E2B599F5-0F5F-49B8-9D67-89050BF3D21F}.Debug|x86.Build.0 = Debug|Any CPU
		{E2B599F5-0F5F-49B8-9D67-89050BF3D21F}.Release|Any CPU.ActiveCfg = Release|Any CPU
		{E2B599F5-0F5F-49B8-9D67-89050BF3D21F}.Release|Any CPU.Build.0 = Release|Any CPU
		{E2B599F5-0F5F-49B8-9D67-89050BF3D21F}.Release|x64.ActiveCfg = Release|Any CPU
		{E2B599F5-0F5F-49B8-9D67-89050BF3D21F}.Release|x64.Build.0 = Release|Any CPU
		{E2B599F5-0F5F-49B8-9D67-89050BF3D21F}.Release|x86.ActiveCfg = Release|Any CPU
		{E2B599F5-0F5F-49B8-9D67-89050BF3D21F}.Release|x86.Build.0 = Release|Any CPU
		{65D4ED10-BF60-4352-A56D-0B1092DE8D8D}.Debug|Any CPU.ActiveCfg = Debug|Any CPU
		{65D4ED10-BF60-4352-A56D-0B1092DE8D8D}.Debug|Any CPU.Build.0 = Debug|Any CPU
		{65D4ED10-BF60-4352-A56D-0B1092DE8D8D}.Debug|x64.ActiveCfg = Debug|Any CPU
		{65D4ED10-BF60-4352-A56D-0B1092DE8D8D}.Debug|x64.Build.0 = Debug|Any CPU
		{65D4ED10-BF60-4352-A56D-0B1092DE8D8D}.Debug|x86.ActiveCfg = Debug|Any CPU
		{65D4ED10-BF60-4352-A56D-0B1092DE8D8D}.Debug|x86.Build.0 = Debug|Any CPU
		{65D4ED10-BF60-4352-A56D-0B1092DE8D8D}.Release|Any CPU.ActiveCfg = Release|Any CPU
		{65D4ED10-BF60-4352-A56D-0B1092DE8D8D}.Release|Any CPU.Build.0 = Release|Any CPU
		{65D4ED10-BF60-4352-A56D-0B1092DE8D8D}.Release|x64.ActiveCfg = Release|Any CPU
		{65D4ED10-BF60-4352-A56D-0B1092DE8D8D}.Release|x64.Build.0 = Release|Any CPU
		{65D4ED10-BF60-4352-A56D-0B1092DE8D8D}.Release|x86.ActiveCfg = Release|Any CPU
		{65D4ED10-BF60-4352-A56D-0B1092DE8D8D}.Release|x86.Build.0 = Release|Any CPU
		{B4712B50-761B-4133-8F5A-786D764811CD}.Debug|Any CPU.ActiveCfg = Debug|Any CPU
		{B4712B50-761B-4133-8F5A-786D764811CD}.Debug|Any CPU.Build.0 = Debug|Any CPU
		{B4712B50-761B-4133-8F5A-786D764811CD}.Debug|x64.ActiveCfg = Debug|Any CPU
		{B4712B50-761B-4133-8F5A-786D764811CD}.Debug|x64.Build.0 = Debug|Any CPU
		{B4712B50-761B-4133-8F5A-786D764811CD}.Debug|x86.ActiveCfg = Debug|Any CPU
		{B4712B50-761B-4133-8F5A-786D764811CD}.Debug|x86.Build.0 = Debug|Any CPU
		{B4712B50-761B-4133-8F5A-786D764811CD}.Release|Any CPU.ActiveCfg = Release|Any CPU
		{B4712B50-761B-4133-8F5A-786D764811CD}.Release|Any CPU.Build.0 = Release|Any CPU
		{B4712B50-761B-4133-8F5A-786D764811CD}.Release|x64.ActiveCfg = Release|Any CPU
		{B4712B50-761B-4133-8F5A-786D764811CD}.Release|x64.Build.0 = Release|Any CPU
		{B4712B50-761B-4133-8F5A-786D764811CD}.Release|x86.ActiveCfg = Release|Any CPU
		{B4712B50-761B-4133-8F5A-786D764811CD}.Release|x86.Build.0 = Release|Any CPU
		{F830C07E-42B4-49F0-8F43-F2E00EC3DABB}.Debug|Any CPU.ActiveCfg = Debug|Any CPU
		{F830C07E-42B4-49F0-8F43-F2E00EC3DABB}.Debug|Any CPU.Build.0 = Debug|Any CPU
		{F830C07E-42B4-49F0-8F43-F2E00EC3DABB}.Debug|x64.ActiveCfg = Debug|Any CPU
		{F830C07E-42B4-49F0-8F43-F2E00EC3DABB}.Debug|x64.Build.0 = Debug|Any CPU
		{F830C07E-42B4-49F0-8F43-F2E00EC3DABB}.Debug|x86.ActiveCfg = Debug|Any CPU
		{F830C07E-42B4-49F0-8F43-F2E00EC3DABB}.Debug|x86.Build.0 = Debug|Any CPU
		{F830C07E-42B4-49F0-8F43-F2E00EC3DABB}.Release|Any CPU.ActiveCfg = Release|Any CPU
		{F830C07E-42B4-49F0-8F43-F2E00EC3DABB}.Release|Any CPU.Build.0 = Release|Any CPU
		{F830C07E-42B4-49F0-8F43-F2E00EC3DABB}.Release|x64.ActiveCfg = Release|Any CPU
		{F830C07E-42B4-49F0-8F43-F2E00EC3DABB}.Release|x64.Build.0 = Release|Any CPU
		{F830C07E-42B4-49F0-8F43-F2E00EC3DABB}.Release|x86.ActiveCfg = Release|Any CPU
		{F830C07E-42B4-49F0-8F43-F2E00EC3DABB}.Release|x86.Build.0 = Release|Any CPU
		{B64CB283-A9A0-4620-B33F-6A9962DB412C}.Debug|Any CPU.ActiveCfg = Debug|Any CPU
		{B64CB283-A9A0-4620-B33F-6A9962DB412C}.Debug|Any CPU.Build.0 = Debug|Any CPU
		{B64CB283-A9A0-4620-B33F-6A9962DB412C}.Debug|x64.ActiveCfg = Debug|Any CPU
		{B64CB283-A9A0-4620-B33F-6A9962DB412C}.Debug|x64.Build.0 = Debug|Any CPU
		{B64CB283-A9A0-4620-B33F-6A9962DB412C}.Debug|x86.ActiveCfg = Debug|Any CPU
		{B64CB283-A9A0-4620-B33F-6A9962DB412C}.Debug|x86.Build.0 = Debug|Any CPU
		{B64CB283-A9A0-4620-B33F-6A9962DB412C}.Release|Any CPU.ActiveCfg = Release|Any CPU
		{B64CB283-A9A0-4620-B33F-6A9962DB412C}.Release|Any CPU.Build.0 = Release|Any CPU
		{B64CB283-A9A0-4620-B33F-6A9962DB412C}.Release|x64.ActiveCfg = Release|Any CPU
		{B64CB283-A9A0-4620-B33F-6A9962DB412C}.Release|x64.Build.0 = Release|Any CPU
		{B64CB283-A9A0-4620-B33F-6A9962DB412C}.Release|x86.ActiveCfg = Release|Any CPU
		{B64CB283-A9A0-4620-B33F-6A9962DB412C}.Release|x86.Build.0 = Release|Any CPU
	EndGlobalSection
	GlobalSection(SolutionProperties) = preSolution
		HideSolutionNode = FALSE
	EndGlobalSection
EndGlobal
